
Microsoft Visual Studio Solution File, Format Version 12.00
# Visual Studio Version 17
VisualStudioVersion = 17.0.31919.166
MinimumVisualStudioVersion = 10.0.40219.1
Project("{FAE04EC0-301F-11D3-BF4B-00C04F79EFBC}") = "FlightSchedule", "FlightSchedule\FlightSchedule.csproj", "{9C34BC95-A638-4520-B920-58674E57840D}"
EndProject
Global
	GlobalSection(SolutionConfigurationPlatforms) = preSolution
		Debug|Any CPU = Debug|Any CPU
		Release|Any CPU = Release|Any CPU
	EndGlobalSection
	GlobalSection(ProjectConfigurationPlatforms) = postSolution
		{9C34BC95-A638-4520-B920-58674E57840D}.Debug|Any CPU.ActiveCfg = Debug|Any CPU
		{9C34BC95-A638-4520-B920-58674E57840D}.Debug|Any CPU.Build.0 = Debug|Any CPU
		{9C34BC95-A638-4520-B920-58674E57840D}.Release|Any CPU.ActiveCfg = Release|Any CPU
		{9C34BC95-A638-4520-B920-58674E57840D}.Release|Any CPU.Build.0 = Release|Any CPU
	EndGlobalSection
	GlobalSection(SolutionProperties) = preSolution
		HideSolutionNode = FALSE
	EndGlobalSection
	GlobalSection(ExtensibilityGlobals) = postSolution
		SolutionGuid = {1C0EE489-6C7B-4773-A884-80B8FB763D02}
	EndGlobalSection
EndGlobal
